
Microsoft Visual Studio Solution File, Format Version 10.00
# Visual Studio 2008
Project("{FAE04EC0-301F-11D3-BF4B-00C04F79EFBC}") = "LambdaDemo", "LambdaDemo\LambdaDemo.csproj", "{B36D196B-5772-42EB-94A9-5E898631C341}"
EndProject
Global
	GlobalSection(SolutionConfigurationPlatforms) = preSolution
		Debug|Any CPU = Debug|Any CPU
		Release|Any CPU = Release|Any CPU
	EndGlobalSection
	GlobalSection(ProjectConfigurationPlatforms) = postSolution
		{B36D196B-5772-42EB-94A9-5E898631C341}.Debug|Any CPU.ActiveCfg = Debug|Any CPU
		{B36D196B-5772-42EB-94A9-5E898631C341}.Debug|Any CPU.Build.0 = Debug|Any CPU
		{B36D196B-5772-42EB-94A9-5E898631C341}.Release|Any CPU.ActiveCfg = Release|Any CPU
		{B36D196B-5772-42EB-94A9-5E898631C341}.Release|Any CPU.Build.0 = Release|Any CPU
	EndGlobalSection
	GlobalSection(SolutionProperties) = preSolution
		HideSolutionNode = FALSE
	EndGlobalSection
EndGlobal
